
Microsoft Visual Studio Solution File, Format Version 12.00
# Visual Studio 2013
VisualStudioVersion = 12.0.31101.0
MinimumVisualStudioVersion = 10.0.40219.1
Project("{F184B08F-C81C-45F6-A57F-5ABD9991F28F}") = "NóminaMELO", "NóminaMELO.vbproj", "{52452F4B-D50A-48F7-BD6B-04E76E1AB60C}"
EndProject
Project("{F088123C-0E9E-452A-89E6-6BA2F21D5CAC}") = "ModeloUML", "ModeloUML\ModeloUML.modelproj", "{7EE9F0E3-B3CA-4751-9F13-8E23CEDCBC6E}"
EndProject
Project("{FAE04EC0-301F-11D3-BF4B-00C04F79EFBC}") = "ModeloUMLLib", "ModeloUMLLib\ModeloUMLLib.csproj", "{DAE067D2-943D-429F-A9C1-CFA38615DD20}"
EndProject
Global
	GlobalSection(SolutionConfigurationPlatforms) = preSolution
		Debug|Any CPU = Debug|Any CPU
		Release|Any CPU = Release|Any CPU
	EndGlobalSection
	GlobalSection(ProjectConfigurationPlatforms) = postSolution
		{52452F4B-D50A-48F7-BD6B-04E76E1AB60C}.Debug|Any CPU.ActiveCfg = Debug|Any CPU
		{52452F4B-D50A-48F7-BD6B-04E76E1AB60C}.Debug|Any CPU.Build.0 = Debug|Any CPU
		{52452F4B-D50A-48F7-BD6B-04E76E1AB60C}.Release|Any CPU.ActiveCfg = Release|Any CPU
		{52452F4B-D50A-48F7-BD6B-04E76E1AB60C}.Release|Any CPU.Build.0 = Release|Any CPU
		{7EE9F0E3-B3CA-4751-9F13-8E23CEDCBC6E}.Debug|Any CPU.ActiveCfg = Debug|Any CPU
		{7EE9F0E3-B3CA-4751-9F13-8E23CEDCBC6E}.Debug|Any CPU.Build.0 = Debug|Any CPU
		{7EE9F0E3-B3CA-4751-9F13-8E23CEDCBC6E}.Release|Any CPU.ActiveCfg = Release|Any CPU
		{7EE9F0E3-B3CA-4751-9F13-8E23CEDCBC6E}.Release|Any CPU.Build.0 = Release|Any CPU
		{DAE067D2-943D-429F-A9C1-CFA38615DD20}.Debug|Any CPU.ActiveCfg = Debug|Any CPU
		{DAE067D2-943D-429F-A9C1-CFA38615DD20}.Debug|Any CPU.Build.0 = Debug|Any CPU
		{DAE067D2-943D-429F-A9C1-CFA38615DD20}.Release|Any CPU.ActiveCfg = Release|Any CPU
		{DAE067D2-943D-429F-A9C1-CFA38615DD20}.Release|Any CPU.Build.0 = Release|Any CPU
	EndGlobalSection
	GlobalSection(SolutionProperties) = preSolution
		HideSolutionNode = FALSE
	EndGlobalSection
EndGlobal
