
Microsoft Visual Studio Solution File, Format Version 12.00
# Visual Studio 15
VisualStudioVersion = 15.0.26730.10
MinimumVisualStudioVersion = 10.0.40219.1
Project("{2150E333-8FDC-42A3-9474-1A3956D46DE8}") = "Solution Items", "Solution Items", "{50C67370-6FE5-428A-9789-0A0E2A91BB25}"
EndProject
Project("{F184B08F-C81C-45F6-A57F-5ABD9991F28F}") = "CBiblioteca", "Biblioteca\CBiblioteca.vbproj", "{D60A47F2-699D-4576-9E8D-10CA083C204A}"
EndProject
Project("{F184B08F-C81C-45F6-A57F-5ABD9991F28F}") = "Contabilidad", "Contabilidad.vbproj", "{6E026807-04E9-421B-9CBE-486773788A8F}"
EndProject
Global
	GlobalSection(SolutionConfigurationPlatforms) = preSolution
		Debug|Any CPU = Debug|Any CPU
		Debug|ARM = Debug|ARM
		Debug|x64 = Debug|x64
		Debug|x86 = Debug|x86
		Release|Any CPU = Release|Any CPU
		Release|ARM = Release|ARM
		Release|x64 = Release|x64
		Release|x86 = Release|x86
		Description = Gestión de PYMES de ARCETI, SL
	EndGlobalSection
	GlobalSection(ProjectConfigurationPlatforms) = postSolution
		{D60A47F2-699D-4576-9E8D-10CA083C204A}.Debug|Any CPU.ActiveCfg = Debug|Any CPU
		{D60A47F2-699D-4576-9E8D-10CA083C204A}.Debug|Any CPU.Build.0 = Debug|Any CPU
		{D60A47F2-699D-4576-9E8D-10CA083C204A}.Debug|ARM.ActiveCfg = Debug|Any CPU
		{D60A47F2-699D-4576-9E8D-10CA083C204A}.Debug|ARM.Build.0 = Debug|Any CPU
		{D60A47F2-699D-4576-9E8D-10CA083C204A}.Debug|x64.ActiveCfg = Debug|Any CPU
		{D60A47F2-699D-4576-9E8D-10CA083C204A}.Debug|x64.Build.0 = Debug|Any CPU
		{D60A47F2-699D-4576-9E8D-10CA083C204A}.Debug|x86.ActiveCfg = Debug|Any CPU
		{D60A47F2-699D-4576-9E8D-10CA083C204A}.Debug|x86.Build.0 = Debug|Any CPU
		{D60A47F2-699D-4576-9E8D-10CA083C204A}.Release|Any CPU.ActiveCfg = Release|Any CPU
		{D60A47F2-699D-4576-9E8D-10CA083C204A}.Release|Any CPU.Build.0 = Release|Any CPU
		{D60A47F2-699D-4576-9E8D-10CA083C204A}.Release|ARM.ActiveCfg = Release|Any CPU
		{D60A47F2-699D-4576-9E8D-10CA083C204A}.Release|ARM.Build.0 = Release|Any CPU
		{D60A47F2-699D-4576-9E8D-10CA083C204A}.Release|x64.ActiveCfg = Release|Any CPU
		{D60A47F2-699D-4576-9E8D-10CA083C204A}.Release|x64.Build.0 = Release|Any CPU
		{D60A47F2-699D-4576-9E8D-10CA083C204A}.Release|x86.ActiveCfg = Release|Any CPU
		{D60A47F2-699D-4576-9E8D-10CA083C204A}.Release|x86.Build.0 = Release|Any CPU
		{6E026807-04E9-421B-9CBE-486773788A8F}.Debug|Any CPU.ActiveCfg = Debug|Any CPU
		{6E026807-04E9-421B-9CBE-486773788A8F}.Debug|Any CPU.Build.0 = Debug|Any CPU
		{6E026807-04E9-421B-9CBE-486773788A8F}.Debug|ARM.ActiveCfg = Debug|Any CPU
		{6E026807-04E9-421B-9CBE-486773788A8F}.Debug|ARM.Build.0 = Debug|Any CPU
		{6E026807-04E9-421B-9CBE-486773788A8F}.Debug|x64.ActiveCfg = Debug|Any CPU
		{6E026807-04E9-421B-9CBE-486773788A8F}.Debug|x64.Build.0 = Debug|Any CPU
		{6E026807-04E9-421B-9CBE-486773788A8F}.Debug|x86.ActiveCfg = Debug|Any CPU
		{6E026807-04E9-421B-9CBE-486773788A8F}.Debug|x86.Build.0 = Debug|Any CPU
		{6E026807-04E9-421B-9CBE-486773788A8F}.Release|Any CPU.ActiveCfg = Release|Any CPU
		{6E026807-04E9-421B-9CBE-486773788A8F}.Release|Any CPU.Build.0 = Release|Any CPU
		{6E026807-04E9-421B-9CBE-486773788A8F}.Release|ARM.ActiveCfg = Release|Any CPU
		{6E026807-04E9-421B-9CBE-486773788A8F}.Release|ARM.Build.0 = Release|Any CPU
		{6E026807-04E9-421B-9CBE-486773788A8F}.Release|x64.ActiveCfg = Release|Any CPU
		{6E026807-04E9-421B-9CBE-486773788A8F}.Release|x64.Build.0 = Release|Any CPU
		{6E026807-04E9-421B-9CBE-486773788A8F}.Release|x86.ActiveCfg = Release|Any CPU
		{6E026807-04E9-421B-9CBE-486773788A8F}.Release|x86.Build.0 = Release|Any CPU
	EndGlobalSection
	GlobalSection(SolutionProperties) = preSolution
		HideSolutionNode = FALSE
	EndGlobalSection
	GlobalSection(ExtensibilityGlobals) = postSolution
		SolutionGuid = {EC96E5CD-62FF-49CB-A7BE-A5653123C47F}
	EndGlobalSection
EndGlobal
